{
    "version": 3,
    "terraform_version": "0.11.7",
    "serial": 3,
    "lineage": "dc78e815-0dd0-62c0-aecf-656c2cc94e7a",
    "modules": [
        {
            "path": [
                "root"
            ],
            "outputs": {
                "cluster_endpoint": {
                    "sensitive": false,
                    "type": "string",
                    "value": "35.205.210.153"
                },
                "cluster_master_version": {
                    "sensitive": false,
                    "type": "string",
                    "value": "1.8.10-gke.0"
                }
            },
            "resources": {
                "google_container_cluster.jx-cluster": {
                    "type": "google_container_cluster",
                    "depends_on": [],
                    "primary": {
                        "id": "cluster03",
                        "attributes": {
                            "additional_zones.#": "0",
                            "addons_config.#": "1",
                            "addons_config.0.horizontal_pod_autoscaling.#": "0",
                            "addons_config.0.http_load_balancing.#": "0",
                            "addons_config.0.kubernetes_dashboard.#": "0",
                            "addons_config.0.network_policy_config.#": "1",
                            "addons_config.0.network_policy_config.0.disabled": "true",
                            "cluster_ipv4_cidr": "10.20.0.0/14",
                            "description": "jx k8s cluster",
                            "enable_kubernetes_alpha": "false",
                            "enable_legacy_abac": "true",
                            "endpoint": "35.205.210.153",
                            "id": "cluster03",
                            "initial_node_count": "3",
                            "instance_group_urls.#": "1",
                            "instance_group_urls.0": "https://www.googleapis.com/compute/v1/projects/jenkinsx-dev/zones/europe-west1-b/instanceGroups/gke-cluster03-default-pool-e209af23-grp",
                            "logging_service": "logging.googleapis.com",
                            "master_auth.#": "1",
                            "master_auth.0.client_certificate": "LS0tLS1CRUdJTiBDRVJUSUZJQ0FURS0tLS0tCk1JSUMyekNDQWNPZ0F3SUJBZ0lSQUxqMkk5TStKS0t6aGFudGNUUTFsVDB3RFFZSktvWklodmNOQVFFTEJRQXcKTHpFdE1Dc0dBMVVFQXhNa1lUSTRPVEEzWWpjdE5qRXhZeTAwTlRKbUxUZzJNamt0TXpZM01EbGxOVEV3WmpjMgpNQjRYRFRFNE1EWXlNVEV4TURJeU5Wb1hEVEl6TURZeU1ERXhNREl5TlZvd0VURVBNQTBHQTFVRUF4TUdZMnhwClpXNTBNSUlCSWpBTkJna3Foa2lHOXcwQkFRRUZBQU9DQVE4QU1JSUJDZ0tDQVFFQXRBQ0pkQTZMWnJNOWZ6cXYKMzNWa3l5Ri90ZVE3aFBCdGhzVzd3bzI2THRNTllMZGwwYnIvVWhQQklkZ1gwcmhPZDdkWXA2MlhtVXFYQWtpcQp3dml1NWgrSUxTbkpWV3l4YjB3NXNyRVJ6RG1MbDVzZ2xCOEZPZkkyQVRRTE1SdjJVd1A5a3ArblVoSkdNeWlJCmNMMmZmVThTa3hWLzQvSmdHRHdxSnJZVFp3c1Z1TWRLclVZbi8yNGtRT3hJME91c3JBUCtoeTRzTVExMVJOckcKcnZjQit5SEpZbEZoOFVYWlMvZnoybUZHSzJXRDNUSHVObEZzaitjTm5CRHBuUnoyaVlMMDg0WG1YOWpKcFRGNgpQUHlSc0FGcVQwZytlTmdWUS9hZFNha0V3VWJoOC9aQVJ4MStzWE52WGNjL0pnUFE5Y2w3ZUx2REZEMXBrclM5CnRzQUQxd0lEQVFBQm94QXdEakFNQmdOVkhSTUJBZjhFQWpBQU1BMEdDU3FHU0liM0RRRUJDd1VBQTRJQkFRQ2YKR21XMHVoK0ZhUEVPTUtQTzFpVkZoQ1ZxUHJVT3dQVHNBUk9LWnBMd0xicG05SElhOXlPU09SaXhiUnd3a05HZgpIb2NNWnRjSmNCOUhKb1BUMjFjc0crbE14eSs2R0JrN0xqVGtNSmxuVVVVclVyaEFvSnJtbENoMkN5WE5JTG9vCmpBT1JnaThiVzlsb3F1cG5nOWczRjB5aTJNWTFBRGJrS1BBNEp1NW12ZCsrbThzM3VubW81TmhXaEh3R21DRWcKOWtiejJxeW0wampwVE5RTFZUZkZzV2t6cm9ZR2NtdEg2aGtHejFyaTY2bGlOWGxBaHQ4VEtSVSt2UURKRlhNTAo5YUpKZUU1UmFLTzUyMFFwTTNab0NiSXpKTU43OVNyNWZtZDZncmZnR0EvVGcvckIrZ0xxckd5dDFzYkM5NGlKClE5YTRyQUZDbkg4OEo0R3VBWkV1Ci0tLS0tRU5EIENFUlRJRklDQVRFLS0tLS0K",
                            "master_auth.0.client_certificate_config.#": "0",
                            "master_auth.0.client_key": "LS0tLS1CRUdJTiBSU0EgUFJJVkFURSBLRVktLS0tLQpNSUlFb3dJQkFBS0NBUUVBdEFDSmRBNkxack05ZnpxdjMzVmt5eUYvdGVRN2hQQnRoc1c3d28yNkx0TU5ZTGRsCjBici9VaFBCSWRnWDByaE9kN2RZcDYyWG1VcVhBa2lxd3ZpdTVoK0lMU25KVld5eGIwdzVzckVSekRtTGw1c2cKbEI4Rk9mSTJBVFFMTVJ2MlV3UDlrcCtuVWhKR015aUljTDJmZlU4U2t4Vi80L0pnR0R3cUpyWVRad3NWdU1kSwpyVVluLzI0a1FPeEkwT3VzckFQK2h5NHNNUTExUk5yR3J2Y0IreUhKWWxGaDhVWFpTL2Z6Mm1GR0syV0QzVEh1Ck5sRnNqK2NObkJEcG5SejJpWUwwODRYbVg5akpwVEY2UFB5UnNBRnFUMGcrZU5nVlEvYWRTYWtFd1ViaDgvWkEKUngxK3NYTnZYY2MvSmdQUTljbDdlTHZERkQxcGtyUzl0c0FEMXdJREFRQUJBb0lCQUM5TGF0SXpGaDZNWHM2awptVnhCeUpOMHdFMEc1RHFZUDNiblVsK2FoSDVVRnRKQUxjRU8vSkhRdmZDS0NpeGtINzNsenlYemZ2OFljWmY0Cmh1R0duTkc3SERrZG54aFNZRWFKaFNsMXkrTFloZHgyTm5la3RPZFdSQ2xKeHQwRzUxQkZucVVkVE1YTUptUy8KdENYSE5QWWtSaEdlVndXS0JBU3FIanNnb1BWMEs0MlR6UG93UUd1Sm9IbkQ4dGFsbEFJV0I4cDNNaERsQmUwdQpWM2JBa24zMGpIM2JKVjMwdFFkL0NIa0E3ZTlPZUNJV1hJTS9TVTZPUmJwRUZPaEZyNVFHa3Y0TVFkcEQrNHduCjMrWG15VnNzQnpaakJING1ET05Bdm9KQTJEVG4zckpPUTJtZmNZRGRZdERWTFFkbmhSQlZSblk2OTNWSGZ1b3cKUnRsc3Nta0NnWUVBNXNkbDVvNUE3eDRRVmJkV2NZVjBPV3RLUUwybzYwc0s0azZwNFNWVjRHV3BWbk9Tc1JtUgoxempoNkVaWFFTWmw3b2xoV2dZOXZpaGQwdjEyNzY4RWFIRTliM1JkRVA0NVgwUk4wMC9oakhyaUFVMVB4UmdFCks3aGFiVEFHbjRjTVFaYXVSWVlhK1pRSFdrcUpmclFWVDFBTFAydjR4SjRhZnVMTGpKbG1zYWtDZ1lFQXg2eUkKdmkxb2VxMUI0dms2cXh2cWlpelRYNmhlRzh2L3lDRkhWQjJ3SU5ORGx6RzlpUWo0aVlJNDhoYW5TRUJjK2xVQgpFclh0SDQwUzNxRlcvYlZhNm1DelgxcWM4Qk1QcTZ2MEJ2Q1MvK0xERVAxYnc2aDJrQXk3Ky9aS1lsalUwUXorClJoWUhOV2JTVWE4aW92cE1HZXhxUnVqMm5jc2ZudkFPLzJ0TmVYOENnWUVBMG9xcnpyR05VQm12Y1dQMyswMXoKZ1ViKzBSMjIxQ0w4WlFhN09XcWtkRHFMU1JIYmpMTDFPTkx1VnNpRnBpeHY1alZ6bVh3RUxFNExld2creitCdQpOeExJcDd3VGhBTkxPRHpLZTdSdTQ0amdVNnZDME45ZVByekwwcjF6N1dwNXBnVGdMUkZ4M3F4TUlQWExoc3FvCmZsbGFTWndwc3NkRENPdkVKQnQzY3pFQ2dZQkJDRmV0SVJyelFiVEEyUTJicDBiM1krd2dMclVmOW94RFFWdDYKOFFScFhJV2FHOUF3YnFTTUhNYXhTbUdIYmJjYXJVN2hLakdsNGd1d1NQb05QZUR6anpVOHJFV0xCNXBGL29aSApNRm1nVDluYWtib3VlcExMRGVxNEFKcHZkNkV3eVR1VDFoN1k3TGs1YzRJamRNUU9lV3FQMTlaaXhFSnpRSnFSCjQvL2l2d0tCZ0QwRm1ZMmNJQkg1d2REUVZpem5FRFRVMXc0QUdac3NHekhJb0Q2NjE2dWZZQldXRVFIdVJQYkgKd0h2VFdMcG9IZkhRbUJVT1VYSGc1U29rS0xXT1N1TlA4bW5YZ0VjYk8wdDhnRjNVUGlsbm1pelQ1MGpaOG15QgpqTlN0MStrWWVEL2g5T0FqNy9NTXlMNlc1UFJwSzVJRHJtS0czUUFZRjUxNW5RNUIweUJvCi0tLS0tRU5EIFJTQSBQUklWQVRFIEtFWS0tLS0tCg==",
                            "master_auth.0.cluster_ca_certificate": "LS0tLS1CRUdJTiBDRVJUSUZJQ0FURS0tLS0tCk1JSURDekNDQWZPZ0F3SUJBZ0lRWDJkaTErSVdGUjdQL2g1a2VzNjZ1REFOQmdrcWhraUc5dzBCQVFzRkFEQXYKTVMwd0t3WURWUVFERXlSaE1qZzVNRGRpTnkwMk1URmpMVFExTW1ZdE9EWXlPUzB6Tmpjd09XVTFNVEJtTnpZdwpIaGNOTVRnd05qSXhNVEF3TWpJMVdoY05Nak13TmpJd01URXdNakkxV2pBdk1TMHdLd1lEVlFRREV5UmhNamc1Ck1EZGlOeTAyTVRGakxUUTFNbVl0T0RZeU9TMHpOamN3T1dVMU1UQm1Oell3Z2dFaU1BMEdDU3FHU0liM0RRRUIKQVFVQUE0SUJEd0F3Z2dFS0FvSUJBUUM2RkdwbDViSnVlRklLRGlhOTBydm5FbmMzcm1sVjB0a2pneTg1emQ3SQpVa3pneEhNd3dtRjNSWlAyODZTRG5HRHZaOUF0dlJkMjRnaE9jOWxMMEtMSGY3ZHExOWIrOTdaRzdFSlpmTEpNCnJQQTFXV1lpQmZGS2NtQWp2U0VxbzBxeHpxeHduU0tNRFVnSGtka1ZaZkVBOGdUZHV1b3dabC82L2pXNmZndHQKSkQvQmZDeU92QTBjQUhudEtTSWhYSmE5d3AvZmtaRzZaVHhuMlZoazVycGpqZmtKbU1hZUFUNlkyZWpZUU5xTwo1WFI5UTIwbEIwMGxOeHJCNXVLQUczaTRFWVF3aGFlZlpoZUVOMGdnbzdiYkFYaUkyd2k4Q0VidWc5blFOZVpVCndPUnhVc054QkI2SDQyc3BwUFlRdnFiekRwNW1RMFVjd3NzaktDUUxWb0lGQWdNQkFBR2pJekFoTUE0R0ExVWQKRHdFQi93UUVBd0lDQkRBUEJnTlZIUk1CQWY4RUJUQURBUUgvTUEwR0NTcUdTSWIzRFFFQkN3VUFBNElCQVFBSwpHV0FwRUsweVh6eXFqVC9abGhIZWFXb29MdHJLU3IzQ0FCN3AzRGUzbzlOSXY3WXhpTGlVeVRTcC9WVXJ2Tnl4CnN1YmliOUUyWHN3Q21ZZ1ByWjVLSW9ZQ0ZFUklyYTBYUEpIcUxJMTZPdHQ5NVpjWnlPTFk4MWdzRXptU2FocWYKbUx6NWprY3FVWm1Ea1dWTytCYU1kQ0NiNS9ydS9YUk5YNWxLUktUTWppTXBGOC9QTVdha2oyYWZJdEQraFpuSApWZ2lYWGljdkg1S0o3MUdNNFBvSUFkbEZRNUREM2s5RFFyVGR3eGpwQW15NU9UT0lWUVdCc2w1NUFLblBuUno4CnJveWpSOUp6a1JsTGhDcUhzUGFnV0pVQmV4UGFGb0hqN2kwTDRSejNSMm8xRmNlbzNqQXk3SGM5VXRZVzNvM0wKUXV5L3I2ODlQL2w2NTBJNE9KdUQKLS0tLS1FTkQgQ0VSVElGSUNBVEUtLS0tLQo=",
                            "master_auth.0.password": "oNyCJ6sxGnK3mGbX",
                            "master_auth.0.username": "admin",
                            "master_ipv4_cidr_block": "",
                            "master_version": "1.8.10-gke.0",
                            "monitoring_service": "monitoring.googleapis.com",
                            "name": "cluster03",
                            "network": "projects/jenkinsx-dev/global/networks/default",
                            "network_policy.#": "1",
                            "network_policy.0.enabled": "false",
                            "network_policy.0.provider": "PROVIDER_UNSPECIFIED",
                            "node_config.#": "1",
                            "node_config.0.disk_size_gb": "100",
                            "node_config.0.guest_accelerator.#": "0",
                            "node_config.0.image_type": "COS",
                            "node_config.0.labels.%": "0",
                            "node_config.0.local_ssd_count": "0",
                            "node_config.0.machine_type": "n1-standard-2",
                            "node_config.0.metadata.%": "0",
                            "node_config.0.min_cpu_platform": "",
                            "node_config.0.oauth_scopes.#": "4",
                            "node_config.0.oauth_scopes.1277378754": "https://www.googleapis.com/auth/monitoring",
                            "node_config.0.oauth_scopes.1632638332": "https://www.googleapis.com/auth/devstorage.read_only",
                            "node_config.0.oauth_scopes.172152165": "https://www.googleapis.com/auth/logging.write",
                            "node_config.0.oauth_scopes.299962681": "https://www.googleapis.com/auth/compute",
                            "node_config.0.preemptible": "false",
                            "node_config.0.service_account": "default",
                            "node_config.0.tags.#": "0",
                            "node_config.0.taint.#": "0",
                            "node_config.0.workload_metadata_config.#": "0",
                            "node_pool.#": "1",
                            "node_pool.0.autoscaling.#": "1",
                            "node_pool.0.autoscaling.0.max_node_count": "5",
                            "node_pool.0.autoscaling.0.min_node_count": "3",
                            "node_pool.0.initial_node_count": "3",
                            "node_pool.0.instance_group_urls.#": "1",
                            "node_pool.0.instance_group_urls.0": "https://www.googleapis.com/compute/v1/projects/jenkinsx-dev/zones/europe-west1-b/instanceGroupManagers/gke-cluster03-default-pool-e209af23-grp",
                            "node_pool.0.management.#": "1",
                            "node_pool.0.management.0.auto_repair": "false",
                            "node_pool.0.management.0.auto_upgrade": "false",
                            "node_pool.0.name": "default-pool",
                            "node_pool.0.name_prefix": "",
                            "node_pool.0.node_config.#": "1",
                            "node_pool.0.node_config.0.disk_size_gb": "100",
                            "node_pool.0.node_config.0.guest_accelerator.#": "0",
                            "node_pool.0.node_config.0.image_type": "COS",
                            "node_pool.0.node_config.0.labels.%": "0",
                            "node_pool.0.node_config.0.local_ssd_count": "0",
                            "node_pool.0.node_config.0.machine_type": "n1-standard-2",
                            "node_pool.0.node_config.0.metadata.%": "0",
                            "node_pool.0.node_config.0.min_cpu_platform": "",
                            "node_pool.0.node_config.0.oauth_scopes.#": "4",
                            "node_pool.0.node_config.0.oauth_scopes.1277378754": "https://www.googleapis.com/auth/monitoring",
                            "node_pool.0.node_config.0.oauth_scopes.1632638332": "https://www.googleapis.com/auth/devstorage.read_only",
                            "node_pool.0.node_config.0.oauth_scopes.172152165": "https://www.googleapis.com/auth/logging.write",
                            "node_pool.0.node_config.0.oauth_scopes.299962681": "https://www.googleapis.com/auth/compute",
                            "node_pool.0.node_config.0.preemptible": "false",
                            "node_pool.0.node_config.0.service_account": "default",
                            "node_pool.0.node_config.0.tags.#": "0",
                            "node_pool.0.node_config.0.taint.#": "0",
                            "node_pool.0.node_config.0.workload_metadata_config.#": "0",
                            "node_pool.0.node_count": "3",
                            "node_pool.0.version": "1.8.10-gke.0",
                            "node_version": "1.8.10-gke.0",
                            "private_cluster": "false",
                            "project": "jenkinsx-dev",
                            "remove_default_node_pool": "true",
                            "subnetwork": "projects/jenkinsx-dev/regions/europe-west1/subnetworks/default",
                            "zone": "europe-west1-b"
                        },
                        "meta": {
                            "e2bfb730-ecaa-11e6-8f88-34363bc7c4c0": {
                                "create": 1800000000000,
                                "delete": 600000000000,
                                "update": 600000000000
                            },
                            "schema_version": "1"
                        },
                        "tainted": false
                    },
                    "deposed": [],
                    "provider": "provider.google"
                },
                "google_container_node_pool.jx-node-pool": {
                    "type": "google_container_node_pool",
                    "depends_on": [
                        "google_container_cluster.jx-cluster"
                    ],
                    "primary": {
                        "id": "europe-west1-b/cluster03/default-pool",
                        "attributes": {
                            "autoscaling.#": "1",
                            "autoscaling.0.max_node_count": "5",
                            "autoscaling.0.min_node_count": "3",
                            "cluster": "cluster03",
                            "id": "europe-west1-b/cluster03/default-pool",
                            "initial_node_count": "3",
                            "instance_group_urls.#": "1",
                            "instance_group_urls.0": "https://www.googleapis.com/compute/v1/projects/jenkinsx-dev/zones/europe-west1-b/instanceGroupManagers/gke-cluster03-default-pool-e209af23-grp",
                            "management.#": "1",
                            "management.0.auto_repair": "false",
                            "management.0.auto_upgrade": "false",
                            "name": "default-pool",
                            "name_prefix": "",
                            "node_config.#": "1",
                            "node_config.0.disk_size_gb": "100",
                            "node_config.0.guest_accelerator.#": "0",
                            "node_config.0.image_type": "COS",
                            "node_config.0.labels.%": "0",
                            "node_config.0.local_ssd_count": "0",
                            "node_config.0.machine_type": "n1-standard-2",
                            "node_config.0.metadata.%": "0",
                            "node_config.0.min_cpu_platform": "",
                            "node_config.0.oauth_scopes.#": "4",
                            "node_config.0.oauth_scopes.1277378754": "https://www.googleapis.com/auth/monitoring",
                            "node_config.0.oauth_scopes.1632638332": "https://www.googleapis.com/auth/devstorage.read_only",
                            "node_config.0.oauth_scopes.172152165": "https://www.googleapis.com/auth/logging.write",
                            "node_config.0.oauth_scopes.299962681": "https://www.googleapis.com/auth/compute",
                            "node_config.0.preemptible": "false",
                            "node_config.0.service_account": "default",
                            "node_config.0.tags.#": "0",
                            "node_config.0.taint.#": "0",
                            "node_config.0.workload_metadata_config.#": "0",
                            "node_count": "3",
                            "project": "jenkinsx-dev",
                            "version": "1.8.10-gke.0",
                            "zone": "europe-west1-b"
                        },
                        "meta": {
                            "e2bfb730-ecaa-11e6-8f88-34363bc7c4c0": {
                                "create": 1800000000000,
                                "delete": 600000000000,
                                "update": 600000000000
                            },
                            "schema_version": "1"
                        },
                        "tainted": false
                    },
                    "deposed": [],
                    "provider": "provider.google"
                }
            },
            "depends_on": []
        }
    ]
}
